
Microsoft Visual Studio Solution File, Format Version 12.00
# Visual Studio 2012
Project("{FAE04EC0-301F-11D3-BF4B-00C04F79EFBC}") = "ReSharper5.ReTS", "ReSharper.ReTS\ReSharper5.ReTS.csproj", "{D7EC7FA1-843C-42EC-B69C-A7EDB0996FB7}"
EndProject
Project("{FAE04EC0-301F-11D3-BF4B-00C04F79EFBC}") = "ReSharper5.ReTS.Tests", "ReSharper.ReTS.Tests\ReSharper5.ReTS.Tests.csproj", "{FBBF1E02-F29A-4D38-929D-8D0AD72470A9}"
EndProject
Global
	GlobalSection(SolutionConfigurationPlatforms) = preSolution
		Debug|Any CPU = Debug|Any CPU
		Debug|x86 = Debug|x86
		Release|Any CPU = Release|Any CPU
		Release|x86 = Release|x86
	EndGlobalSection
	GlobalSection(ProjectConfigurationPlatforms) = postSolution
		{D7EC7FA1-843C-42EC-B69C-A7EDB0996FB7}.Debug|Any CPU.ActiveCfg = Debug|Any CPU
		{D7EC7FA1-843C-42EC-B69C-A7EDB0996FB7}.Debug|Any CPU.Build.0 = Debug|Any CPU
		{D7EC7FA1-843C-42EC-B69C-A7EDB0996FB7}.Debug|x86.ActiveCfg = Debug|Any CPU
		{D7EC7FA1-843C-42EC-B69C-A7EDB0996FB7}.Release|Any CPU.ActiveCfg = Release|Any CPU
		{D7EC7FA1-843C-42EC-B69C-A7EDB0996FB7}.Release|Any CPU.Build.0 = Release|Any CPU
		{D7EC7FA1-843C-42EC-B69C-A7EDB0996FB7}.Release|x86.ActiveCfg = Release|Any CPU
		{FBBF1E02-F29A-4D38-929D-8D0AD72470A9}.Debug|Any CPU.ActiveCfg = Debug|Any CPU
		{FBBF1E02-F29A-4D38-929D-8D0AD72470A9}.Debug|Any CPU.Build.0 = Debug|Any CPU
		{FBBF1E02-F29A-4D38-929D-8D0AD72470A9}.Debug|x86.ActiveCfg = Debug|x86
		{FBBF1E02-F29A-4D38-929D-8D0AD72470A9}.Debug|x86.Build.0 = Debug|x86
		{FBBF1E02-F29A-4D38-929D-8D0AD72470A9}.Release|Any CPU.ActiveCfg = Release|Any CPU
		{FBBF1E02-F29A-4D38-929D-8D0AD72470A9}.Release|Any CPU.Build.0 = Release|Any CPU
		{FBBF1E02-F29A-4D38-929D-8D0AD72470A9}.Release|x86.ActiveCfg = Release|x86
		{FBBF1E02-F29A-4D38-929D-8D0AD72470A9}.Release|x86.Build.0 = Release|x86
		{95A292A5-1F2B-47EE-81CC-5F5B79F48465}.Debug|Any CPU.ActiveCfg = Debug|Any CPU
		{95A292A5-1F2B-47EE-81CC-5F5B79F48465}.Debug|Any CPU.Build.0 = Debug|Any CPU
		{95A292A5-1F2B-47EE-81CC-5F5B79F48465}.Debug|x86.ActiveCfg = Debug|Any CPU
		{95A292A5-1F2B-47EE-81CC-5F5B79F48465}.Release|Any CPU.ActiveCfg = Release|Any CPU
		{95A292A5-1F2B-47EE-81CC-5F5B79F48465}.Release|Any CPU.Build.0 = Release|Any CPU
		{95A292A5-1F2B-47EE-81CC-5F5B79F48465}.Release|x86.ActiveCfg = Release|Any CPU
	EndGlobalSection
	GlobalSection(SolutionProperties) = preSolution
		HideSolutionNode = FALSE
	EndGlobalSection
EndGlobal
